
Microsoft Visual Studio Solution File, Format Version 12.00
# Visual Studio Version 17
VisualStudioVersion = 17.8.34330.188
MinimumVisualStudioVersion = 10.0.40219.1
Project("{FAE04EC0-301F-11D3-BF4B-00C04F79EFBC}") = "3.09", "3.09\3.09.csproj", "{86E3BCC7-D5E3-4C46-BD4E-B87D5AF7E854}"
EndProject
Global
	GlobalSection(SolutionConfigurationPlatforms) = preSolution
		Debug|Any CPU = Debug|Any CPU
		Release|Any CPU = Release|Any CPU
	EndGlobalSection
	GlobalSection(ProjectConfigurationPlatforms) = postSolution
		{86E3BCC7-D5E3-4C46-BD4E-B87D5AF7E854}.Debug|Any CPU.ActiveCfg = Debug|Any CPU
		{86E3BCC7-D5E3-4C46-BD4E-B87D5AF7E854}.Debug|Any CPU.Build.0 = Debug|Any CPU
		{86E3BCC7-D5E3-4C46-BD4E-B87D5AF7E854}.Release|Any CPU.ActiveCfg = Release|Any CPU
		{86E3BCC7-D5E3-4C46-BD4E-B87D5AF7E854}.Release|Any CPU.Build.0 = Release|Any CPU
	EndGlobalSection
	GlobalSection(SolutionProperties) = preSolution
		HideSolutionNode = FALSE
	EndGlobalSection
	GlobalSection(ExtensibilityGlobals) = postSolution
		SolutionGuid = {A581405B-10D2-4FFD-B42F-0EF851F84279}
	EndGlobalSection
EndGlobal
